
Microsoft Visual Studio Solution File, Format Version 12.00
Project("{FAE04EC0-301F-11D3-BF4B-00C04F79EFBC}") = "ComecandoTestes", "ComecandoTestes\ComecandoTestes.csproj", "{CA43A829-20FF-48DA-ABF0-503A75776B18}"
EndProject
Project("{FAE04EC0-301F-11D3-BF4B-00C04F79EFBC}") = "TestProject1", "TestProject1\TestProject1.csproj", "{C6EF943C-CCA3-410C-B903-56DC5C2F7E3A}"
EndProject
Global
	GlobalSection(SolutionConfigurationPlatforms) = preSolution
		Debug|Any CPU = Debug|Any CPU
		Release|Any CPU = Release|Any CPU
	EndGlobalSection
	GlobalSection(ProjectConfigurationPlatforms) = postSolution
		{CA43A829-20FF-48DA-ABF0-503A75776B18}.Debug|Any CPU.ActiveCfg = Debug|Any CPU
		{CA43A829-20FF-48DA-ABF0-503A75776B18}.Debug|Any CPU.Build.0 = Debug|Any CPU
		{CA43A829-20FF-48DA-ABF0-503A75776B18}.Release|Any CPU.ActiveCfg = Release|Any CPU
		{CA43A829-20FF-48DA-ABF0-503A75776B18}.Release|Any CPU.Build.0 = Release|Any CPU
		{C6EF943C-CCA3-410C-B903-56DC5C2F7E3A}.Debug|Any CPU.ActiveCfg = Debug|Any CPU
		{C6EF943C-CCA3-410C-B903-56DC5C2F7E3A}.Debug|Any CPU.Build.0 = Debug|Any CPU
		{C6EF943C-CCA3-410C-B903-56DC5C2F7E3A}.Release|Any CPU.ActiveCfg = Release|Any CPU
		{C6EF943C-CCA3-410C-B903-56DC5C2F7E3A}.Release|Any CPU.Build.0 = Release|Any CPU
	EndGlobalSection
EndGlobal
